
Microsoft Visual Studio Solution File, Format Version 12.00
# Visual Studio Version 16
VisualStudioVersion = 16.0.30717.126
MinimumVisualStudioVersion = 10.0.40219.1
Project("{FAE04EC0-301F-11D3-BF4B-00C04F79EFBC}") = "Datamvc", "Datamvc\Datamvc.csproj", "{68D8A20A-9306-49AF-A7C1-62CA1AB20792}"
EndProject
Global
	GlobalSection(SolutionConfigurationPlatforms) = preSolution
		Debug|Any CPU = Debug|Any CPU
		Release|Any CPU = Release|Any CPU
	EndGlobalSection
	GlobalSection(ProjectConfigurationPlatforms) = postSolution
		{68D8A20A-9306-49AF-A7C1-62CA1AB20792}.Debug|Any CPU.ActiveCfg = Debug|Any CPU
		{68D8A20A-9306-49AF-A7C1-62CA1AB20792}.Debug|Any CPU.Build.0 = Debug|Any CPU
		{68D8A20A-9306-49AF-A7C1-62CA1AB20792}.Release|Any CPU.ActiveCfg = Release|Any CPU
		{68D8A20A-9306-49AF-A7C1-62CA1AB20792}.Release|Any CPU.Build.0 = Release|Any CPU
	EndGlobalSection
	GlobalSection(SolutionProperties) = preSolution
		HideSolutionNode = FALSE
	EndGlobalSection
	GlobalSection(ExtensibilityGlobals) = postSolution
		SolutionGuid = {A0C95C82-F5D7-4881-A798-E9A64265A1C2}
	EndGlobalSection
EndGlobal
